
Microsoft Visual Studio Solution File, Format Version 12.00
# Visual Studio Version 16
VisualStudioVersion = 16.0.31515.178
MinimumVisualStudioVersion = 10.0.40219.1
Project("{FAE04EC0-301F-11D3-BF4B-00C04F79EFBC}") = "Garces_CourseProject_Part1", "Garces_CourseProject_Part1\Garces_CourseProject_Part1.csproj", "{D5E3CF6A-2306-4755-8B1F-A082E8F9E239}"
EndProject
Global
	GlobalSection(SolutionConfigurationPlatforms) = preSolution
		Debug|Any CPU = Debug|Any CPU
		Release|Any CPU = Release|Any CPU
	EndGlobalSection
	GlobalSection(ProjectConfigurationPlatforms) = postSolution
		{D5E3CF6A-2306-4755-8B1F-A082E8F9E239}.Debug|Any CPU.ActiveCfg = Debug|Any CPU
		{D5E3CF6A-2306-4755-8B1F-A082E8F9E239}.Debug|Any CPU.Build.0 = Debug|Any CPU
		{D5E3CF6A-2306-4755-8B1F-A082E8F9E239}.Release|Any CPU.ActiveCfg = Release|Any CPU
		{D5E3CF6A-2306-4755-8B1F-A082E8F9E239}.Release|Any CPU.Build.0 = Release|Any CPU
	EndGlobalSection
	GlobalSection(SolutionProperties) = preSolution
		HideSolutionNode = FALSE
	EndGlobalSection
	GlobalSection(ExtensibilityGlobals) = postSolution
		SolutionGuid = {A5069A83-0139-45F4-A642-1A0F0A6A3282}
	EndGlobalSection
EndGlobal
